
Microsoft Visual Studio Solution File, Format Version 12.00
# Visual Studio Version 16
VisualStudioVersion = 16.0.32802.440
MinimumVisualStudioVersion = 10.0.40219.1
Project("{9A19103F-16F7-4668-BE54-9A1E7A4F7556}") = "AccessModifier", "AccessModifier.csproj", "{A53C774E-2CDE-4AEB-92CB-53644BE87B72}"
EndProject
Global
	GlobalSection(SolutionConfigurationPlatforms) = preSolution
		Debug|Any CPU = Debug|Any CPU
		Release|Any CPU = Release|Any CPU
	EndGlobalSection
	GlobalSection(ProjectConfigurationPlatforms) = postSolution
		{A53C774E-2CDE-4AEB-92CB-53644BE87B72}.Debug|Any CPU.ActiveCfg = Debug|Any CPU
		{A53C774E-2CDE-4AEB-92CB-53644BE87B72}.Debug|Any CPU.Build.0 = Debug|Any CPU
		{A53C774E-2CDE-4AEB-92CB-53644BE87B72}.Release|Any CPU.ActiveCfg = Release|Any CPU
		{A53C774E-2CDE-4AEB-92CB-53644BE87B72}.Release|Any CPU.Build.0 = Release|Any CPU
	EndGlobalSection
	GlobalSection(SolutionProperties) = preSolution
		HideSolutionNode = FALSE
	EndGlobalSection
	GlobalSection(ExtensibilityGlobals) = postSolution
		SolutionGuid = {88DDC7FE-FB09-45A2-AC23-54A75653B31B}
	EndGlobalSection
	GlobalSection(TeamFoundationVersionControl) = preSolution
		SccNumberOfProjects = 2
		SccEnterpriseProvider = {4CA58AB2-18FA-4F8D-95D4-32DDF27D184C}
		SccTeamFoundationServer = http://domino.icam.ch:8080/tfs/icamteam
		SccLocalPath0 = .
		SccProjectUniqueName1 = AccessModifier.csproj
		SccLocalPath1 = .
	EndGlobalSection
EndGlobal
