
Microsoft Visual Studio Solution File, Format Version 12.00
# Visual Studio Version 16
VisualStudioVersion = 16.0.32802.440
MinimumVisualStudioVersion = 10.0.40219.1
Project("{FAE04EC0-301F-11D3-BF4B-00C04F79EFBC}") = "Fields", "Fields.csproj", "{367A28C9-EFD6-409E-B6B7-2BF36B52F7B7}"
EndProject
Global
	GlobalSection(SolutionConfigurationPlatforms) = preSolution
		Debug|Any CPU = Debug|Any CPU
		Release|Any CPU = Release|Any CPU
	EndGlobalSection
	GlobalSection(ProjectConfigurationPlatforms) = postSolution
		{367A28C9-EFD6-409E-B6B7-2BF36B52F7B7}.Debug|Any CPU.ActiveCfg = Debug|Any CPU
		{367A28C9-EFD6-409E-B6B7-2BF36B52F7B7}.Debug|Any CPU.Build.0 = Debug|Any CPU
		{367A28C9-EFD6-409E-B6B7-2BF36B52F7B7}.Release|Any CPU.ActiveCfg = Release|Any CPU
		{367A28C9-EFD6-409E-B6B7-2BF36B52F7B7}.Release|Any CPU.Build.0 = Release|Any CPU
	EndGlobalSection
	GlobalSection(SolutionProperties) = preSolution
		HideSolutionNode = FALSE
	EndGlobalSection
	GlobalSection(ExtensibilityGlobals) = postSolution
		SolutionGuid = {F38E9E0D-6C2E-4BEB-9B55-D23D5795FA1C}
	EndGlobalSection
	GlobalSection(TeamFoundationVersionControl) = preSolution
		SccNumberOfProjects = 2
		SccEnterpriseProvider = {4CA58AB2-18FA-4F8D-95D4-32DDF27D184C}
		SccTeamFoundationServer = http://domino.icam.ch:8080/tfs/icamteam
		SccLocalPath0 = .
		SccProjectUniqueName1 = Fields.csproj
		SccLocalPath1 = .
	EndGlobalSection
EndGlobal
